PODS:
  - Fusuma (1.2.3)

DEPENDENCIES:
  - Fusuma (from `https://github.com/ytakzk/Fusuma.git`)

EXTERNAL SOURCES:
  Fusuma:
    :git: https://github.com/ytakzk/Fusuma.git

CHECKOUT OPTIONS:
  Fusuma:
    :commit: f2b15af8b042ebfa7c2d927bc9c638386db91356
    :git: https://github.com/ytakzk/Fusuma.git

SPEC CHECKSUMS:
  Fusuma: 22a50a5129222a14941c41950ecf761d1f49fe07

PODFILE CHECKSUM: 85785f79be69480a21fd3a592fb07f671baf2bc2

COCOAPODS: 1.3.1
