// !$*UTF8*$!
{
	archiveVersion = 1;
	classes = {
	};
	objectVersion = 46;
	objects = {

/* Begin PBXBuildFile section */
		180CD6751F88A48D0050E503 /* AppDelegate.swift in Sources */ = {isa = PBXBuildFile; fileRef = 180CD6741F88A48D0050E503 /* AppDelegate.swift */; };
		180CD67A1F88A48E0050E503 /* Main.storyboard in Resources */ = {isa = PBXBuildFile; fileRef = 180CD6781F88A48E0050E503 /* Main.storyboard */; };
		180CD67C1F88A48E0050E503 /* Assets.xcassets in Resources */ = {isa = PBXBuildFile; fileRef = 180CD67B1F88A48E0050E503 /* Assets.xcassets */; };
		180CD67F1F88A48E0050E503 /* LaunchScreen.storyboard in Resources */ = {isa = PBXBuildFile; fileRef = 180CD67D1F88A48E0050E503 /* LaunchScreen.storyboard */; };
		180CD6871F88A6AA0050E503 /* MyTableViewCell.swift in Sources */ = {isa = PBXBuildFile; fileRef = 180CD6861F88A6AA0050E503 /* MyTableViewCell.swift */; };
		180CD6891F88AA420050E503 /* MyTableViewController.swift in Sources */ = {isa = PBXBuildFile; fileRef = 180CD6881F88AA420050E503 /* MyTableViewController.swift */; };
		6F8FA3049C2987B30C12D410 /* Pods_Timetunnel.framework in Frameworks */ = {isa = PBXBuildFile; fileRef = AB9CA36F7F93FD34313FC93C /* Pods_Timetunnel.framework */; };
/* End PBXBuildFile section */

/* Begin PBXFileReference section */
		180CD6711F88A48D0050E503 /* Timetunnel.app */ = {isa = PBXFileReference; explicitFileType = wrapper.application; includeInIndex = 0; path = Timetunnel.app; sourceTree = BUILT_PRODUCTS_DIR; };
		180CD6741F88A48D0050E503 /* AppDelegate.swift */ = {isa = PBXFileReference; lastKnownFileType = sourcecode.swift; path = AppDelegate.swift; sourceTree = "<group>"; };
		180CD6791F88A48E0050E503 /* Base */ = {isa = PBXFileReference; lastKnownFileType = file.storyboard; name = Base; path = Base.lproj/Main.storyboard; sourceTree = "<group>"; };
		180CD67B1F88A48E0050E503 /* Assets.xcassets */ = {isa = PBXFileReference; lastKnownFileType = folder.assetcatalog; path = Assets.xcassets; sourceTree = "<group>"; };
		180CD67E1F88A48E0050E503 /* Base */ = {isa = PBXFileReference; lastKnownFileType = file.storyboard; name = Base; path = Base.lproj/LaunchScreen.storyboard; sourceTree = "<group>"; };
		180CD6801F88A48E0050E503 /* Info.plist */ = {isa = PBXFileReference; lastKnownFileType = text.plist.xml; path = Info.plist; sourceTree = "<group>"; };
		180CD6861F88A6AA0050E503 /* MyTableViewCell.swift */ = {isa = PBXFileReference; fileEncoding = 4; lastKnownFileType = sourcecode.swift; name = MyTableViewCell.swift; path = ../MyTableViewCell.swift; sourceTree = "<group>"; };
		180CD6881F88AA420050E503 /* MyTableViewController.swift */ = {isa = PBXFileReference; fileEncoding = 4; lastKnownFileType = sourcecode.swift; name = MyTableViewController.swift; path = ../MyTableViewController.swift; sourceTree = "<group>"; };
		A20FB74A9ACE8B54F1038480 /* Pods-Timetunnel.debug.xcconfig */ = {isa = PBXFileReference; includeInIndex = 1; lastKnownFileType = text.xcconfig; name = "Pods-Timetunnel.debug.xcconfig"; path = "Pods/Target Support Files/Pods-Timetunnel/Pods-Timetunnel.debug.xcconfig"; sourceTree = "<group>"; };
		AB9CA36F7F93FD34313FC93C /* Pods_Timetunnel.framework */ = {isa = PBXFileReference; explicitFileType = wrapper.framework; includeInIndex = 0; path = Pods_Timetunnel.framework; sourceTree = BUILT_PRODUCTS_DIR; };
		DC299919ED76852426F0B57B /* Pods-Timetunnel.release.xcconfig */ = {isa = PBXFileReference; includeInIndex = 1; lastKnownFileType = text.xcconfig; name = "Pods-Timetunnel.release.xcconfig"; path = "Pods/Target Support Files/Pods-Timetunnel/Pods-Timetunnel.release.xcconfig"; sourceTree = "<group>"; };
/* End PBXFileReference section */

/* Begin PBXFrameworksBuildPhase section */
		180CD66E1F88A48D0050E503 /* Frameworks */ = {
			isa = PBXFrameworksBuildPhase;
			buildActionMask = 2147483647;
			files = (
				6F8FA3049C2987B30C12D410 /* Pods_Timetunnel.framework in Frameworks */,
			);
			runOnlyForDeploymentPostprocessing = 0;
		};
/* End PBXFrameworksBuildPhase section */

/* Begin PBXGroup section */
		180CD6681F88A48D0050E503 = {
			isa = PBXGroup;
			children = (
				180CD6731F88A48D0050E503 /* Timetunnel */,
				180CD6721F88A48D0050E503 /* Products */,
				F732005E5F3E68D05A43CE1F /* Pods */,
				B9F904E2625E8A33FE295729 /* Frameworks */,
			);
			sourceTree = "<group>";
		};
		180CD6721F88A48D0050E503 /* Products */ = {
			isa = PBXGroup;
			children = (
				180CD6711F88A48D0050E503 /* Timetunnel.app */,
			);
			name = Products;
			sourceTree = "<group>";
		};
		180CD6731F88A48D0050E503 /* Timetunnel */ = {
			isa = PBXGroup;
			children = (
				180CD6881F88AA420050E503 /* MyTableViewController.swift */,
				180CD6861F88A6AA0050E503 /* MyTableViewCell.swift */,
				180CD6741F88A48D0050E503 /* AppDelegate.swift */,
				180CD6781F88A48E0050E503 /* Main.storyboard */,
				180CD67B1F88A48E0050E503 /* Assets.xcassets */,
				180CD67D1F88A48E0050E503 /* LaunchScreen.storyboard */,
				180CD6801F88A48E0050E503 /* Info.plist */,
			);
			path = Timetunnel;
			sourceTree = "<group>";
		};
		B9F904E2625E8A33FE295729 /* Frameworks */ = {
			isa = PBXGroup;
			children = (
				AB9CA36F7F93FD34313FC93C /* Pods_Timetunnel.framework */,
			);
			name = Frameworks;
			sourceTree = "<group>";
		};
		F732005E5F3E68D05A43CE1F /* Pods */ = {
			isa = PBXGroup;
			children = (
				A20FB74A9ACE8B54F1038480 /* Pods-Timetunnel.debug.xcconfig */,
				DC299919ED76852426F0B57B /* Pods-Timetunnel.release.xcconfig */,
			);
			name = Pods;
			sourceTree = "<group>";
		};
/* End PBXGroup section */

/* Begin PBXNativeTarget section */
		180CD6701F88A48D0050E503 /* Timetunnel */ = {
			isa = PBXNativeTarget;
			buildConfigurationList = 180CD6831F88A48E0050E503 /* Build configuration list for PBXNativeTarget "Timetunnel" */;
			buildPhases = (
				0B6135D2915B9405994AC5CE /* [CP] Check Pods Manifest.lock */,
				180CD66D1F88A48D0050E503 /* Sources */,
				180CD66E1F88A48D0050E503 /* Frameworks */,
				180CD66F1F88A48D0050E503 /* Resources */,
				9EC5F7E1A8754236879DAEE8 /* [CP] Embed Pods Frameworks */,
				276819AC3692B2A96375DAC5 /* [CP] Copy Pods Resources */,
			);
			buildRules = (
			);
			dependencies = (
			);
			name = Timetunnel;
			productName = Timetunnel;
			productReference = 180CD6711F88A48D0050E503 /* Timetunnel.app */;
			productType = "com.apple.product-type.application";
		};
/* End PBXNativeTarget section */

/* Begin PBXProject section */
		180CD6691F88A48D0050E503 /* Project object */ = {
			isa = PBXProject;
			attributes = {
				LastSwiftUpdateCheck = 0810;
				LastUpgradeCheck = 0810;
				ORGANIZATIONNAME = kobe;
				TargetAttributes = {
					180CD6701F88A48D0050E503 = {
						CreatedOnToolsVersion = 8.1;
						DevelopmentTeam = LX7V9KZM5W;
						ProvisioningStyle = Automatic;
					};
				};
			};
			buildConfigurationList = 180CD66C1F88A48D0050E503 /* Build configuration list for PBXProject "Timetunnel" */;
			compatibilityVersion = "Xcode 3.2";
			developmentRegion = English;
			hasScannedForEncodings = 0;
			knownRegions = (
				en,
				Base,
			);
			mainGroup = 180CD6681F88A48D0050E503;
			productRefGroup = 180CD6721F88A48D0050E503 /* Products */;
			projectDirPath = "";
			projectRoot = "";
			targets = (
				180CD6701F88A48D0050E503 /* Timetunnel */,
			);
		};
/* End PBXProject section */

/* Begin PBXResourcesBuildPhase section */
		180CD66F1F88A48D0050E503 /* Resources */ = {
			isa = PBXResourcesBuildPhase;
			buildActionMask = 2147483647;
			files = (
				180CD67F1F88A48E0050E503 /* LaunchScreen.storyboard in Resources */,
				180CD67C1F88A48E0050E503 /* Assets.xcassets in Resources */,
				180CD67A1F88A48E0050E503 /* Main.storyboard in Resources */,
			);
			runOnlyForDeploymentPostprocessing = 0;
		};
/* End PBXResourcesBuildPhase section */

/* Begin PBXShellScriptBuildPhase section */
		0B6135D2915B9405994AC5CE /* [CP] Check Pods Manifest.lock */ = {
			isa = PBXShellScriptBuildPhase;
			buildActionMask = 2147483647;
			files = (
			);
			inputPaths = (
				"${PODS_PODFILE_DIR_PATH}/Podfile.lock",
				"${PODS_ROOT}/Manifest.lock",
			);
			name = "[CP] Check Pods Manifest.lock";
			outputPaths = (
				"$(DERIVED_FILE_DIR)/Pods-Timetunnel-checkManifestLockResult.txt",
			);
			runOnlyForDeploymentPostprocessing = 0;
			shellPath = /bin/sh;
			shellScript = "diff \"${PODS_PODFILE_DIR_PATH}/Podfile.lock\" \"${PODS_ROOT}/Manifest.lock\" > /dev/null\nif [ $? != 0 ] ; then\n    # print error to STDERR\n    echo \"error: The sandbox is not in sync with the Podfile.lock. Run 'pod install' or update your CocoaPods installation.\" >&2\n    exit 1\nfi\n# This output is used by Xcode 'outputs' to avoid re-running this script phase.\necho \"SUCCESS\" > \"${SCRIPT_OUTPUT_FILE_0}\"\n";
			showEnvVarsInLog = 0;
		};
		276819AC3692B2A96375DAC5 /* [CP] Copy Pods Resources */ = {
			isa = PBXShellScriptBuildPhase;
			buildActionMask = 2147483647;
			files = (
			);
			inputPaths = (
			);
			name = "[CP] Copy Pods Resources";
			outputPaths = (
			);
			runOnlyForDeploymentPostprocessing = 0;
			shellPath = /bin/sh;
			shellScript = "\"${SRCROOT}/Pods/Target Support Files/Pods-Timetunnel/Pods-Timetunnel-resources.sh\"\n";
			showEnvVarsInLog = 0;
		};
		9EC5F7E1A8754236879DAEE8 /* [CP] Embed Pods Frameworks */ = {
			isa = PBXShellScriptBuildPhase;
			buildActionMask = 2147483647;
			files = (
			);
			inputPaths = (
				"${SRCROOT}/Pods/Target Support Files/Pods-Timetunnel/Pods-Timetunnel-frameworks.sh",
				"${BUILT_PRODUCTS_DIR}/Fusuma/Fusuma.framework",
			);
			name = "[CP] Embed Pods Frameworks";
			outputPaths = (
				"${TARGET_BUILD_DIR}/${FRAMEWORKS_FOLDER_PATH}/Fusuma.framework",
			);
			runOnlyForDeploymentPostprocessing = 0;
			shellPath = /bin/sh;
			shellScript = "\"${SRCROOT}/Pods/Target Support Files/Pods-Timetunnel/Pods-Timetunnel-frameworks.sh\"\n";
			showEnvVarsInLog = 0;
		};
/* End PBXShellScriptBuildPhase section */

/* Begin PBXSourcesBuildPhase section */
		180CD66D1F88A48D0050E503 /* Sources */ = {
			isa = PBXSourcesBuildPhase;
			buildActionMask = 2147483647;
			files = (
				180CD6751F88A48D0050E503 /* AppDelegate.swift in Sources */,
				180CD6891F88AA420050E503 /* MyTableViewController.swift in Sources */,
				180CD6871F88A6AA0050E503 /* MyTableViewCell.swift in Sources */,
			);
			runOnlyForDeploymentPostprocessing = 0;
		};
/* End PBXSourcesBuildPhase section */

/* Begin PBXVariantGroup section */
		180CD6781F88A48E0050E503 /* Main.storyboard */ = {
			isa = PBXVariantGroup;
			children = (
				180CD6791F88A48E0050E503 /* Base */,
			);
			name = Main.storyboard;
			sourceTree = "<group>";
		};
		180CD67D1F88A48E0050E503 /* LaunchScreen.storyboard */ = {
			isa = PBXVariantGroup;
			children = (
				180CD67E1F88A48E0050E503 /* Base */,
			);
			name = LaunchScreen.storyboard;
			sourceTree = "<group>";
		};
/* End PBXVariantGroup section */

/* Begin XCBuildConfiguration section */
		180CD6811F88A48E0050E503 /* Debug */ = {
			isa = XCBuildConfiguration;
			buildSettings = {
				ALWAYS_SEARCH_USER_PATHS = NO;
				CLANG_ANALYZER_NONNULL = YES;
				CLANG_CXX_LANGUAGE_STANDARD = "gnu++0x";
				CLANG_CXX_LIBRARY = "libc++";
				CLANG_ENABLE_MODULES = YES;
				CLANG_ENABLE_OBJC_ARC = YES;
				CLANG_WARN_BOOL_CONVERSION = YES;
				CLANG_WARN_CONSTANT_CONVERSION = YES;
				CLANG_WARN_DIRECT_OBJC_ISA_USAGE = YES_ERROR;
				CLANG_WARN_DOCUMENTATION_COMMENTS = YES;
				CLANG_WARN_EMPTY_BODY = YES;
				CLANG_WARN_ENUM_CONVERSION = YES;
				CLANG_WARN_INFINITE_RECURSION = YES;
				CLANG_WARN_INT_CONVERSION = YES;
				CLANG_WARN_OBJC_ROOT_CLASS = YES_ERROR;
				CLANG_WARN_SUSPICIOUS_MOVES = YES;
				CLANG_WARN_UNREACHABLE_CODE = YES;
				CLANG_WARN__DUPLICATE_METHOD_MATCH = YES;
				"CODE_SIGN_IDENTITY[sdk=iphoneos*]" = "iPhone Developer";
				COPY_PHASE_STRIP = NO;
				DEBUG_INFORMATION_FORMAT = dwarf;
				ENABLE_STRICT_OBJC_MSGSEND = YES;
				ENABLE_TESTABILITY = YES;
				GCC_C_LANGUAGE_STANDARD = gnu99;
				GCC_DYNAMIC_NO_PIC = NO;
				GCC_NO_COMMON_BLOCKS = YES;
				GCC_OPTIMIZATION_LEVEL = 0;
				GCC_PREPROCESSOR_DEFINITIONS = (
					"DEBUG=1",
					"$(inherited)",
				);
				GCC_WARN_64_TO_32_BIT_CONVERSION = YES;
				GCC_WARN_ABOUT_RETURN_TYPE = YES_ERROR;
				GCC_WARN_UNDECLARED_SELECTOR = YES;
				GCC_WARN_UNINITIALIZED_AUTOS = YES_AGGRESSIVE;
				GCC_WARN_UNUSED_FUNCTION = YES;
				GCC_WARN_UNUSED_VARIABLE = YES;
				IPHONEOS_DEPLOYMENT_TARGET = 10.1;
				MTL_ENABLE_DEBUG_INFO = YES;
				ONLY_ACTIVE_ARCH = YES;
				SDKROOT = iphoneos;
				SWIFT_ACTIVE_COMPILATION_CONDITIONS = DEBUG;
				SWIFT_OPTIMIZATION_LEVEL = "-Onone";
			};
			name = Debug;
		};
		180CD6821F88A48E0050E503 /* Release */ = {
			isa = XCBuildConfiguration;
			buildSettings = {
				ALWAYS_SEARCH_USER_PATHS = NO;
				CLANG_ANALYZER_NONNULL = YES;
				CLANG_CXX_LANGUAGE_STANDARD = "gnu++0x";
				CLANG_CXX_LIBRARY = "libc++";
				CLANG_ENABLE_MODULES = YES;
				CLANG_ENABLE_OBJC_ARC = YES;
				CLANG_WARN_BOOL_CONVERSION = YES;
				CLANG_WARN_CONSTANT_CONVERSION = YES;
				CLANG_WARN_DIRECT_OBJC_ISA_USAGE = YES_ERROR;
				CLANG_WARN_DOCUMENTATION_COMMENTS = YES;
				CLANG_WARN_EMPTY_BODY = YES;
				CLANG_WARN_ENUM_CONVERSION = YES;
				CLANG_WARN_INFINITE_RECURSION = YES;
				CLANG_WARN_INT_CONVERSION = YES;
				CLANG_WARN_OBJC_ROOT_CLASS = YES_ERROR;
				CLANG_WARN_SUSPICIOUS_MOVES = YES;
				CLANG_WARN_UNREACHABLE_CODE = YES;
				CLANG_WARN__DUPLICATE_METHOD_MATCH = YES;
				"CODE_SIGN_IDENTITY[sdk=iphoneos*]" = "iPhone Developer";
				COPY_PHASE_STRIP = NO;
				DEBUG_INFORMATION_FORMAT = "dwarf-with-dsym";
				ENABLE_NS_ASSERTIONS = NO;
				ENABLE_STRICT_OBJC_MSGSEND = YES;
				GCC_C_LANGUAGE_STANDARD = gnu99;
				GCC_NO_COMMON_BLOCKS = YES;
				GCC_WARN_64_TO_32_BIT_CONVERSION = YES;
				GCC_WARN_ABOUT_RETURN_TYPE = YES_ERROR;
				GCC_WARN_UNDECLARED_SELECTOR = YES;
				GCC_WARN_UNINITIALIZED_AUTOS = YES_AGGRESSIVE;
				GCC_WARN_UNUSED_FUNCTION = YES;
				GCC_WARN_UNUSED_VARIABLE = YES;
				IPHONEOS_DEPLOYMENT_TARGET = 10.1;
				MTL_ENABLE_DEBUG_INFO = NO;
				SDKROOT = iphoneos;
				SWIFT_OPTIMIZATION_LEVEL = "-Owholemodule";
				VALIDATE_PRODUCT = YES;
			};
			name = Release;
		};
		180CD6841F88A48E0050E503 /* Debug */ = {
			isa = XCBuildConfiguration;
			baseConfigurationReference = A20FB74A9ACE8B54F1038480 /* Pods-Timetunnel.debug.xcconfig */;
			buildSettings = {
				ASSETCATALOG_COMPILER_APPICON_NAME = AppIcon;
				DEVELOPMENT_TEAM = LX7V9KZM5W;
				INFOPLIST_FILE = Timetunnel/Info.plist;
				LD_RUNPATH_SEARCH_PATHS = "$(inherited) @executable_path/Frameworks";
				PRODUCT_BUNDLE_IDENTIFIER = com.kobe.Timetunnel;
				PRODUCT_NAME = "$(TARGET_NAME)";
				SWIFT_VERSION = 3.0;
			};
			name = Debug;
		};
		180CD6851F88A48E0050E503 /* Release */ = {
			isa = XCBuildConfiguration;
			baseConfigurationReference = DC299919ED76852426F0B57B /* Pods-Timetunnel.release.xcconfig */;
			buildSettings = {
				ASSETCATALOG_COMPILER_APPICON_NAME = AppIcon;
				DEVELOPMENT_TEAM = LX7V9KZM5W;
				INFOPLIST_FILE = Timetunnel/Info.plist;
				LD_RUNPATH_SEARCH_PATHS = "$(inherited) @executable_path/Frameworks";
				PRODUCT_BUNDLE_IDENTIFIER = com.kobe.Timetunnel;
				PRODUCT_NAME = "$(TARGET_NAME)";
				SWIFT_VERSION = 3.0;
			};
			name = Release;
		};
/* End XCBuildConfiguration section */

/* Begin XCConfigurationList section */
		180CD66C1F88A48D0050E503 /* Build configuration list for PBXProject "Timetunnel" */ = {
			isa = XCConfigurationList;
			buildConfigurations = (
				180CD6811F88A48E0050E503 /* Debug */,
				180CD6821F88A48E0050E503 /* Release */,
			);
			defaultConfigurationIsVisible = 0;
			defaultConfigurationName = Release;
		};
		180CD6831F88A48E0050E503 /* Build configuration list for PBXNativeTarget "Timetunnel" */ = {
			isa = XCConfigurationList;
			buildConfigurations = (
				180CD6841F88A48E0050E503 /* Debug */,
				180CD6851F88A48E0050E503 /* Release */,
			);
			defaultConfigurationIsVisible = 0;
		};
/* End XCConfigurationList section */
	};
	rootObject = 180CD6691F88A48D0050E503 /* Project object */;
}
